{
  "version": 4,
  "terraform_version": "1.6.4",
  "serial": 19,
  "lineage": "e3a6bbf3-b21d-b3ef-ae4e-4a95b178556c",
  "outputs": {
    "ipv4_address": {
      "value": "165.22.122.252",
      "type": "string"
    }
  },
  "resources": [
    {
      "mode": "managed",
      "type": "digitalocean_droplet",
      "name": "node1",
      "provider": "provider[\"registry.terraform.io/digitalocean/digitalocean\"]",
      "instances": [
        {
          "schema_version": 1,
          "attributes": {
            "backups": false,
            "created_at": "2023-12-07T18:15:18Z",
            "disk": 25,
            "droplet_agent": null,
            "graceful_shutdown": false,
            "id": "388996005",
            "image": "ubuntu-22-04-x64",
            "ipv4_address": "165.22.122.252",
            "ipv4_address_private": "10.106.0.2",
            "ipv6": false,
            "ipv6_address": "",
            "locked": false,
            "memory": 1024,
            "monitoring": false,
            "name": "web1",
            "price_hourly": 0.00893,
            "price_monthly": 6,
            "private_networking": true,
            "region": "lon1",
            "resize_disk": true,
            "size": "s-1vcpu-1gb",
            "ssh_keys": [
              "8b:ea:aa:ac:e0:3e:23:4a:50:0b:5a:07:f2:e7:ab:21"
            ],
            "status": "active",
            "tags": [],
            "timeouts": null,
            "urn": "do:droplet:388996005",
            "user_data": null,
            "vcpus": 1,
            "volume_ids": [],
            "vpc_uuid": "26ca4886-bc9f-4386-bdb7-2a7a90bd5a7b"
          },
          "sensitive_attributes": [],
          "private": "eyJlMmJmYjczMC1lY2FhLTExZTYtOGY4OC0zNDM2M2JjN2M0YzAiOnsiY3JlYXRlIjozNjAwMDAwMDAwMDAwLCJkZWxldGUiOjYwMDAwMDAwMDAwLCJ1cGRhdGUiOjM2MDAwMDAwMDAwMDB9LCJzY2hlbWFfdmVyc2lvbiI6IjEifQ==",
          "dependencies": [
            "digitalocean_ssh_key.default"
          ]
        }
      ]
    },
    {
      "mode": "managed",
      "type": "digitalocean_ssh_key",
      "name": "default",
      "provider": "provider[\"registry.terraform.io/digitalocean/digitalocean\"]",
      "instances": [
        {
          "schema_version": 0,
          "attributes": {
            "fingerprint": "8b:ea:aa:ac:e0:3e:23:4a:50:0b:5a:07:f2:e7:ab:21",
            "id": "40242734",
            "name": "ssh key",
            "public_key": "ssh-rsa AAAAB3NzaC1yc2EAAAADAQABAAABgQDmUy2MZHXt8i4GW++e3tTAe3aAWjF+fLipu2TvdhGG32jABoBLeYQiv6rArN6YaOHhsbVdRLB/pjjcJrryok7VFsgQy+Xcor2UV/ulH+kangXFnGpAaVOzq68J//bG+0OoOHG1lN+x+djfcq2hfm36uH/A1vTkaAJ+HnN2OvCbKyeRgVVY19sVtJ6Hnsf9I3blQFUYlKGtObvpb+cH0tYpJuSbC+JxN518MZFcVefJUFFJvp2iTpvvGQp+Z3LlhX07A7/EKacFXESWJ8uVbh3gfroA/JRJFoQ8AIcOTUydUIubidHRHyqGn369OWnLIkQ9EgpOGf/EiHL9SDNautVxMKE4URo5VTlTusIQ0JPt9twVGGpjyrjnGDwrntN7Xk0vaFOzd8zsm/fNVKZMGc5oCmz+a7K72HdF6ueY6zkYboSW5NJIq16teHPWbl2qJyZIli+QmX8YktrlJj67YuyxbMXpCv4xqBG93IVD+DM4b40hH3CTYKLElEltrvLNjh0= bereket@MASTUDENT-Bereket-Mebrahtu-C02G4MLYQ6L4.local\n"
          },
          "sensitive_attributes": [],
          "private": "bnVsbA=="
        }
      ]
    }
  ],
  "check_results": null
}
